
Microsoft Visual Studio Solution File, Format Version 12.00
# Visual Studio Version 17
VisualStudioVersion = 17.9.34728.123
MinimumVisualStudioVersion = 10.0.40219.1
Project("{9092AA53-FB77-4645-B42D-1CCCA6BD08BD}") = "TechAvidusTEST", "TechAvidusTEST.njsproj", "{0D787010-A251-48C3-B6BF-A0114FFF10FF}"
EndProject
Global
	GlobalSection(SolutionConfigurationPlatforms) = preSolution
		Debug|Any CPU = Debug|Any CPU
		Release|Any CPU = Release|Any CPU
	EndGlobalSection
	GlobalSection(ProjectConfigurationPlatforms) = postSolution
		{0D787010-A251-48C3-B6BF-A0114FFF10FF}.Debug|Any CPU.ActiveCfg = Debug|Any CPU
		{0D787010-A251-48C3-B6BF-A0114FFF10FF}.Debug|Any CPU.Build.0 = Debug|Any CPU
		{0D787010-A251-48C3-B6BF-A0114FFF10FF}.Release|Any CPU.ActiveCfg = Release|Any CPU
		{0D787010-A251-48C3-B6BF-A0114FFF10FF}.Release|Any CPU.Build.0 = Release|Any CPU
	EndGlobalSection
	GlobalSection(SolutionProperties) = preSolution
		HideSolutionNode = FALSE
	EndGlobalSection
	GlobalSection(ExtensibilityGlobals) = postSolution
		SolutionGuid = {C409CF21-5585-4640-9D41-9BE94F3E3127}
	EndGlobalSection
EndGlobal
